Microsoft Visual Studio Solution File, Format Version 12.00
# Visual Studio Version 17
VisualStudioVersion = 17.5.2.0
MinimumVisualStudioVersion = 10.0.40219.1
Project("{FAE04EC0-301F-11D3-BF4B-00C04F79EFBC}") = "LimsAuthenticationService", "LimsAuthenticationService.csproj", "{CC4D3C25-76B5-9986-7B82-01B9253B067E}"
EndProject
Global
	GlobalSection(SolutionConfigurationPlatforms) = preSolution
		Debug|Any CPU = Debug|Any CPU
		Release|Any CPU = Release|Any CPU
	EndGlobalSection
	GlobalSection(ProjectConfigurationPlatforms) = postSolution
		{CC4D3C25-76B5-9986-7B82-01B9253B067E}.Debug|Any CPU.ActiveCfg = Debug|Any CPU
		{CC4D3C25-76B5-9986-7B82-01B9253B067E}.Debug|Any CPU.Build.0 = Debug|Any CPU
		{CC4D3C25-76B5-9986-7B82-01B9253B067E}.Release|Any CPU.ActiveCfg = Release|Any CPU
		{CC4D3C25-76B5-9986-7B82-01B9253B067E}.Release|Any CPU.Build.0 = Release|Any CPU
	EndGlobalSection
	GlobalSection(SolutionProperties) = preSolution
		HideSolutionNode = FALSE
	EndGlobalSection
	GlobalSection(ExtensibilityGlobals) = postSolution
		SolutionGuid = {5E49A176-62FA-43C3-ABA8-7C712DCD4116}
	EndGlobalSection
EndGlobal
